// !$*UTF8*$!
{
	archiveVersion = 1;
	classes = {
	};
	objectVersion = 52;
	objects = {

/* Begin PBXBuildFile section */
		5023FFD325FC01CC003376BE /* CharacterDetailView.swift in Sources */ = {isa = PBXBuildFile; fileRef = 5023FFD225FC01CC003376BE /* CharacterDetailView.swift */; };
		5023FFD825FC02AF003376BE /* CharacterDetailViewModel.swift in Sources */ = {isa = PBXBuildFile; fileRef = 5023FFD725FC02AF003376BE /* CharacterDetailViewModel.swift */; };
		5023FFDD25FC02E1003376BE /* Pictures.swift in Sources */ = {isa = PBXBuildFile; fileRef = 5023FFDC25FC02E1003376BE /* Pictures.swift */; };
		5023FFE525FC0DD6003376BE /* InfoRowView.swift in Sources */ = {isa = PBXBuildFile; fileRef = 5023FFE425FC0DD6003376BE /* InfoRowView.swift */; };
		5023FFEA25FC10AF003376BE /* ContentView.swift in Sources */ = {isa = PBXBuildFile; fileRef = 5023FFE925FC10AF003376BE /* ContentView.swift */; };
		505AA2D925FACDD5005C75B6 /* AnimeDetailView.swift in Sources */ = {isa = PBXBuildFile; fileRef = 505AA2D825FACDD5005C75B6 /* AnimeDetailView.swift */; };
		50AB869F25F7FE0B00C77124 /* EpisodesListView.swift in Sources */ = {isa = PBXBuildFile; fileRef = 50AB869E25F7FE0B00C77124 /* EpisodesListView.swift */; };
		50AB86A725F7FE2F00C77124 /* EpisodeDetailView.swift in Sources */ = {isa = PBXBuildFile; fileRef = 50AB86A625F7FE2F00C77124 /* EpisodeDetailView.swift */; };
		50AB86AC25F7FE4700C77124 /* EpisodesListViewModel.swift in Sources */ = {isa = PBXBuildFile; fileRef = 50AB86AB25F7FE4700C77124 /* EpisodesListViewModel.swift */; };
		50AB86B125F7FE7B00C77124 /* Episode.swift in Sources */ = {isa = PBXBuildFile; fileRef = 50AB86B025F7FE7B00C77124 /* Episode.swift */; };
		50AB86B925F800BF00C77124 /* Character.swift in Sources */ = {isa = PBXBuildFile; fileRef = 50AB86B825F800BF00C77124 /* Character.swift */; };
		50AB86C325F807F500C77124 /* Pager.swift in Sources */ = {isa = PBXBuildFile; fileRef = 50AB86C225F807F500C77124 /* Pager.swift */; };
		50AB86CE25F80E8400C77124 /* EpisodeRowDetail.swift in Sources */ = {isa = PBXBuildFile; fileRef = 50AB86CD25F80E8400C77124 /* EpisodeRowDetail.swift */; };
		50AB86D325F812B200C77124 /* EpisodesListRowView.swift in Sources */ = {isa = PBXBuildFile; fileRef = 50AB86D225F812B200C77124 /* EpisodesListRowView.swift */; };
		50BEC15525F42BA500C16F60 /* AnimeUIApp.swift in Sources */ = {isa = PBXBuildFile; fileRef = 50BEC15425F42BA500C16F60 /* AnimeUIApp.swift */; };
		50BEC15925F42BA700C16F60 /* Assets.xcassets in Resources */ = {isa = PBXBuildFile; fileRef = 50BEC15825F42BA700C16F60 /* Assets.xcassets */; };
		50BEC15C25F42BA700C16F60 /* Preview Assets.xcassets in Resources */ = {isa = PBXBuildFile; fileRef = 50BEC15B25F42BA700C16F60 /* Preview Assets.xcassets */; };
		50BEC16725F42BA700C16F60 /* AnimeUITests.swift in Sources */ = {isa = PBXBuildFile; fileRef = 50BEC16625F42BA700C16F60 /* AnimeUITests.swift */; };
		50BEC18625F42E7F00C16F60 /* TabbarView.swift in Sources */ = {isa = PBXBuildFile; fileRef = 50BEC18525F42E7F00C16F60 /* TabbarView.swift */; };
		50BEC18E25F42F6100C16F60 /* HttpError.swift in Sources */ = {isa = PBXBuildFile; fileRef = 50BEC18D25F42F6100C16F60 /* HttpError.swift */; };
		50BEC19625F42F7F00C16F60 /* RequestHelper.swift in Sources */ = {isa = PBXBuildFile; fileRef = 50BEC19525F42F7F00C16F60 /* RequestHelper.swift */; };
		50BEC19E25F42FAE00C16F60 /* HttpCall.swift in Sources */ = {isa = PBXBuildFile; fileRef = 50BEC19D25F42FAE00C16F60 /* HttpCall.swift */; };
		50BEC1A325F4335500C16F60 /* APIRouter.swift in Sources */ = {isa = PBXBuildFile; fileRef = 50BEC1A225F4335500C16F60 /* APIRouter.swift */; };
		50BEC1AC25F533BF00C16F60 /* AnimeListViewModel.swift in Sources */ = {isa = PBXBuildFile; fileRef = 50BEC1AB25F533BF00C16F60 /* AnimeListViewModel.swift */; };
		50BEC1B525F534C500C16F60 /* Anime.swift in Sources */ = {isa = PBXBuildFile; fileRef = 50BEC1B425F534C500C16F60 /* Anime.swift */; };
		50BEC1CB25F53F7600C16F60 /* AnimeListView.swift in Sources */ = {isa = PBXBuildFile; fileRef = 50BEC1CA25F53F7600C16F60 /* AnimeListView.swift */; };
		50BEC1D025F54BB600C16F60 /* AnimeListRowView.swift in Sources */ = {isa = PBXBuildFile; fileRef = 50BEC1CF25F54BB600C16F60 /* AnimeListRowView.swift */; };
		50BEC1F025F54EB800C16F60 /* AnimeRowDetail.swift in Sources */ = {isa = PBXBuildFile; fileRef = 50BEC1EF25F54EB800C16F60 /* AnimeRowDetail.swift */; };
		50BEC1F625F5546000C16F60 /* Kingfisher in Frameworks */ = {isa = PBXBuildFile; productRef = 50BEC1F525F5546000C16F60 /* Kingfisher */; };
		50CA253825F95CC300C86DFB /* CharactersListView.swift in Sources */ = {isa = PBXBuildFile; fileRef = 50CA253725F95CC300C86DFB /* CharactersListView.swift */; };
		50CA253D25F95CD300C86DFB /* CharactersListRowView.swift in Sources */ = {isa = PBXBuildFile; fileRef = 50CA253C25F95CD300C86DFB /* CharactersListRowView.swift */; };
		50CA254225F95CEC00C86DFB /* CharacterRowDetail.swift in Sources */ = {isa = PBXBuildFile; fileRef = 50CA254125F95CEC00C86DFB /* CharacterRowDetail.swift */; };
		50CA254725F95D0C00C86DFB /* CharactersListViewModel.swift in Sources */ = {isa = PBXBuildFile; fileRef = 50CA254625F95D0C00C86DFB /* CharactersListViewModel.swift */; };
/* End PBXBuildFile section */

/* Begin PBXContainerItemProxy section */
		50BEC16325F42BA700C16F60 /* PBXContainerItemProxy */ = {
			isa = PBXContainerItemProxy;
			containerPortal = 50BEC14925F42BA500C16F60 /* Project object */;
			proxyType = 1;
			remoteGlobalIDString = 50BEC15025F42BA500C16F60;
			remoteInfo = AnimeUI;
		};
		50BEC16E25F42BA700C16F60 /* PBXContainerItemProxy */ = {
			isa = PBXContainerItemProxy;
			containerPortal = 50BEC14925F42BA500C16F60 /* Project object */;
			proxyType = 1;
			remoteGlobalIDString = 50BEC15025F42BA500C16F60;
			remoteInfo = AnimeUI;
		};
/* End PBXContainerItemProxy section */

/* Begin PBXFileReference section */
		5023FFD225FC01CC003376BE /* CharacterDetailView.swift */ = {isa = PBXFileReference; fileEncoding = 4; lastKnownFileType = sourcecode.swift; path = CharacterDetailView.swift; sourceTree = "<group>"; };
		5023FFD725FC02AF003376BE /* CharacterDetailViewModel.swift */ = {isa = PBXFileReference; lastKnownFileType = sourcecode.swift; path = CharacterDetailViewModel.swift; sourceTree = "<group>"; };
		5023FFDC25FC02E1003376BE /* Pictures.swift */ = {isa = PBXFileReference; lastKnownFileType = sourcecode.swift; path = Pictures.swift; sourceTree = "<group>"; };
		5023FFE425FC0DD6003376BE /* InfoRowView.swift */ = {isa = PBXFileReference; lastKnownFileType = sourcecode.swift; path = InfoRowView.swift; sourceTree = "<group>"; };
		5023FFE925FC10AF003376BE /* ContentView.swift */ = {isa = PBXFileReference; fileEncoding = 4; lastKnownFileType = sourcecode.swift; path = ContentView.swift; sourceTree = "<group>"; };
		505AA2D825FACDD5005C75B6 /* AnimeDetailView.swift */ = {isa = PBXFileReference; lastKnownFileType = sourcecode.swift; path = AnimeDetailView.swift; sourceTree = "<group>"; };
		50AB869E25F7FE0B00C77124 /* EpisodesListView.swift */ = {isa = PBXFileReference; lastKnownFileType = sourcecode.swift; path = EpisodesListView.swift; sourceTree = "<group>"; };
		50AB86A625F7FE2F00C77124 /* EpisodeDetailView.swift */ = {isa = PBXFileReference; lastKnownFileType = sourcecode.swift; path = EpisodeDetailView.swift; sourceTree = "<group>"; };
		50AB86AB25F7FE4700C77124 /* EpisodesListViewModel.swift */ = {isa = PBXFileReference; lastKnownFileType = sourcecode.swift; path = EpisodesListViewModel.swift; sourceTree = "<group>"; };
		50AB86B025F7FE7B00C77124 /* Episode.swift */ = {isa = PBXFileReference; lastKnownFileType = sourcecode.swift; path = Episode.swift; sourceTree = "<group>"; };
		50AB86B825F800BF00C77124 /* Character.swift */ = {isa = PBXFileReference; lastKnownFileType = sourcecode.swift; path = Character.swift; sourceTree = "<group>"; };
		50AB86C225F807F500C77124 /* Pager.swift */ = {isa = PBXFileReference; lastKnownFileType = sourcecode.swift; path = Pager.swift; sourceTree = "<group>"; };
		50AB86CD25F80E8400C77124 /* EpisodeRowDetail.swift */ = {isa = PBXFileReference; lastKnownFileType = sourcecode.swift; path = EpisodeRowDetail.swift; sourceTree = "<group>"; };
		50AB86D225F812B200C77124 /* EpisodesListRowView.swift */ = {isa = PBXFileReference; lastKnownFileType = sourcecode.swift; path = EpisodesListRowView.swift; sourceTree = "<group>"; };
		50BEC15125F42BA500C16F60 /* AnimeUI.app */ = {isa = PBXFileReference; explicitFileType = wrapper.application; includeInIndex = 0; path = AnimeUI.app; sourceTree = BUILT_PRODUCTS_DIR; };
		50BEC15425F42BA500C16F60 /* AnimeUIApp.swift */ = {isa = PBXFileReference; lastKnownFileType = sourcecode.swift; path = AnimeUIApp.swift; sourceTree = "<group>"; };
		50BEC15825F42BA700C16F60 /* Assets.xcassets */ = {isa = PBXFileReference; lastKnownFileType = folder.assetcatalog; path = Assets.xcassets; sourceTree = "<group>"; };
		50BEC15B25F42BA700C16F60 /* Preview Assets.xcassets */ = {isa = PBXFileReference; lastKnownFileType = folder.assetcatalog; path = "Preview Assets.xcassets"; sourceTree = "<group>"; };
		50BEC15D25F42BA700C16F60 /* Info.plist */ = {isa = PBXFileReference; lastKnownFileType = text.plist.xml; path = Info.plist; sourceTree = "<group>"; };
		50BEC16225F42BA700C16F60 /* AnimeUITests.xctest */ = {isa = PBXFileReference; explicitFileType = wrapper.cfbundle; includeInIndex = 0; path = AnimeUITests.xctest; sourceTree = BUILT_PRODUCTS_DIR; };
		50BEC16625F42BA700C16F60 /* AnimeUITests.swift */ = {isa = PBXFileReference; lastKnownFileType = sourcecode.swift; path = AnimeUITests.swift; sourceTree = "<group>"; };
		50BEC16825F42BA700C16F60 /* Info.plist */ = {isa = PBXFileReference; lastKnownFileType = text.plist.xml; path = Info.plist; sourceTree = "<group>"; };
		50BEC16D25F42BA700C16F60 /* AnimeUIUITests.xctest */ = {isa = PBXFileReference; explicitFileType = wrapper.cfbundle; includeInIndex = 0; path = AnimeUIUITests.xctest; sourceTree = BUILT_PRODUCTS_DIR; };
		50BEC18525F42E7F00C16F60 /* TabbarView.swift */ = {isa = PBXFileReference; lastKnownFileType = sourcecode.swift; path = TabbarView.swift; sourceTree = "<group>"; };
		50BEC18D25F42F6100C16F60 /* HttpError.swift */ = {isa = PBXFileReference; lastKnownFileType = sourcecode.swift; path = HttpError.swift; sourceTree = "<group>"; };
		50BEC19525F42F7F00C16F60 /* RequestHelper.swift */ = {isa = PBXFileReference; lastKnownFileType = sourcecode.swift; path = RequestHelper.swift; sourceTree = "<group>"; };
		50BEC19D25F42FAE00C16F60 /* HttpCall.swift */ = {isa = PBXFileReference; lastKnownFileType = sourcecode.swift; path = HttpCall.swift; sourceTree = "<group>"; };
		50BEC1A225F4335500C16F60 /* APIRouter.swift */ = {isa = PBXFileReference; lastKnownFileType = sourcecode.swift; path = APIRouter.swift; sourceTree = "<group>"; };
		50BEC1AB25F533BF00C16F60 /* AnimeListViewModel.swift */ = {isa = PBXFileReference; lastKnownFileType = sourcecode.swift; path = AnimeListViewModel.swift; sourceTree = "<group>"; };
		50BEC1B425F534C500C16F60 /* Anime.swift */ = {isa = PBXFileReference; lastKnownFileType = sourcecode.swift; path = Anime.swift; sourceTree = "<group>"; };
		50BEC1CA25F53F7600C16F60 /* AnimeListView.swift */ = {isa = PBXFileReference; lastKnownFileType = sourcecode.swift; path = AnimeListView.swift; sourceTree = "<group>"; };
		50BEC1CF25F54BB600C16F60 /* AnimeListRowView.swift */ = {isa = PBXFileReference; lastKnownFileType = sourcecode.swift; path = AnimeListRowView.swift; sourceTree = "<group>"; };
		50BEC1EF25F54EB800C16F60 /* AnimeRowDetail.swift */ = {isa = PBXFileReference; lastKnownFileType = sourcecode.swift; path = AnimeRowDetail.swift; sourceTree = "<group>"; };
		50CA253725F95CC300C86DFB /* CharactersListView.swift */ = {isa = PBXFileReference; lastKnownFileType = sourcecode.swift; path = CharactersListView.swift; sourceTree = "<group>"; };
		50CA253C25F95CD300C86DFB /* CharactersListRowView.swift */ = {isa = PBXFileReference; lastKnownFileType = sourcecode.swift; path = CharactersListRowView.swift; sourceTree = "<group>"; };
		50CA254125F95CEC00C86DFB /* CharacterRowDetail.swift */ = {isa = PBXFileReference; lastKnownFileType = sourcecode.swift; path = CharacterRowDetail.swift; sourceTree = "<group>"; };
		50CA254625F95D0C00C86DFB /* CharactersListViewModel.swift */ = {isa = PBXFileReference; lastKnownFileType = sourcecode.swift; path = CharactersListViewModel.swift; sourceTree = "<group>"; };
/* End PBXFileReference section */

/* Begin PBXFrameworksBuildPhase section */
		50BEC14E25F42BA500C16F60 /* Frameworks */ = {
			isa = PBXFrameworksBuildPhase;
			buildActionMask = 2147483647;
			files = (
				50BEC1F625F5546000C16F60 /* Kingfisher in Frameworks */,
			);
			runOnlyForDeploymentPostprocessing = 0;
		};
		50BEC15F25F42BA700C16F60 /* Frameworks */ = {
			isa = PBXFrameworksBuildPhase;
			buildActionMask = 2147483647;
			files = (
			);
			runOnlyForDeploymentPostprocessing = 0;
		};
		50BEC16A25F42BA700C16F60 /* Frameworks */ = {
			isa = PBXFrameworksBuildPhase;
			buildActionMask = 2147483647;
			files = (
			);
			runOnlyForDeploymentPostprocessing = 0;
		};
/* End PBXFrameworksBuildPhase section */

/* Begin PBXGroup section */
		5023FFD125FC01CC003376BE /* Detail */ = {
			isa = PBXGroup;
			children = (
				5023FFD225FC01CC003376BE /* CharacterDetailView.swift */,
				5023FFD725FC02AF003376BE /* CharacterDetailViewModel.swift */,
			);
			path = Detail;
			sourceTree = "<group>";
		};
		505AA2D425FACDB2005C75B6 /* Detail */ = {
			isa = PBXGroup;
			children = (
				505AA2D825FACDD5005C75B6 /* AnimeDetailView.swift */,
			);
			path = Detail;
			sourceTree = "<group>";
		};
		50AB869B25F7FC7E00C77124 /* Episodes */ = {
			isa = PBXGroup;
			children = (
				50AB869D25F7FD3700C77124 /* Detail */,
				50AB869C25F7FD3000C77124 /* List */,
			);
			path = Episodes;
			sourceTree = "<group>";
		};
		50AB869C25F7FD3000C77124 /* List */ = {
			isa = PBXGroup;
			children = (
				50AB869E25F7FE0B00C77124 /* EpisodesListView.swift */,
				50AB86AB25F7FE4700C77124 /* EpisodesListViewModel.swift */,
				50AB86CD25F80E8400C77124 /* EpisodeRowDetail.swift */,
				50AB86D225F812B200C77124 /* EpisodesListRowView.swift */,
			);
			path = List;
			sourceTree = "<group>";
		};
		50AB869D25F7FD3700C77124 /* Detail */ = {
			isa = PBXGroup;
			children = (
				50AB86A625F7FE2F00C77124 /* EpisodeDetailView.swift */,
			);
			path = Detail;
			sourceTree = "<group>";
		};
		50AB86B525F7FFC300C77124 /* Characters */ = {
			isa = PBXGroup;
			children = (
				5023FFD125FC01CC003376BE /* Detail */,
				50AB86B625F7FFCA00C77124 /* List */,
			);
			path = Characters;
			sourceTree = "<group>";
		};
		50AB86B625F7FFCA00C77124 /* List */ = {
			isa = PBXGroup;
			children = (
				50CA253725F95CC300C86DFB /* CharactersListView.swift */,
				50CA253C25F95CD300C86DFB /* CharactersListRowView.swift */,
				50CA254125F95CEC00C86DFB /* CharacterRowDetail.swift */,
				50CA254625F95D0C00C86DFB /* CharactersListViewModel.swift */,
			);
			path = List;
			sourceTree = "<group>";
		};
		50AB86C125F807E200C77124 /* Shared */ = {
			isa = PBXGroup;
			children = (
				5023FFE925FC10AF003376BE /* ContentView.swift */,
				50AB86C225F807F500C77124 /* Pager.swift */,
				5023FFE425FC0DD6003376BE /* InfoRowView.swift */,
			);
			path = Shared;
			sourceTree = "<group>";
		};
		50BEC14825F42BA500C16F60 = {
			isa = PBXGroup;
			children = (
				50BEC15325F42BA500C16F60 /* AnimeUI */,
				50BEC16525F42BA700C16F60 /* AnimeUITests */,
				50BEC15225F42BA500C16F60 /* Products */,
			);
			sourceTree = "<group>";
		};
		50BEC15225F42BA500C16F60 /* Products */ = {
			isa = PBXGroup;
			children = (
				50BEC15125F42BA500C16F60 /* AnimeUI.app */,
				50BEC16225F42BA700C16F60 /* AnimeUITests.xctest */,
				50BEC16D25F42BA700C16F60 /* AnimeUIUITests.xctest */,
			);
			name = Products;
			sourceTree = "<group>";
		};
		50BEC15325F42BA500C16F60 /* AnimeUI */ = {
			isa = PBXGroup;
			children = (
				50AB86C125F807E200C77124 /* Shared */,
				50BEC1B325F5346500C16F60 /* Models */,
				50BEC18225F42E4E00C16F60 /* Features */,
				50BEC18325F42E4E00C16F60 /* Network */,
				50BEC15425F42BA500C16F60 /* AnimeUIApp.swift */,
				50BEC15825F42BA700C16F60 /* Assets.xcassets */,
				50BEC15D25F42BA700C16F60 /* Info.plist */,
				50BEC15A25F42BA700C16F60 /* Preview Content */,
			);
			path = AnimeUI;
			sourceTree = "<group>";
		};
		50BEC15A25F42BA700C16F60 /* Preview Content */ = {
			isa = PBXGroup;
			children = (
				50BEC15B25F42BA700C16F60 /* Preview Assets.xcassets */,
			);
			path = "Preview Content";
			sourceTree = "<group>";
		};
		50BEC16525F42BA700C16F60 /* AnimeUITests */ = {
			isa = PBXGroup;
			children = (
				50BEC16625F42BA700C16F60 /* AnimeUITests.swift */,
				50BEC16825F42BA700C16F60 /* Info.plist */,
			);
			path = AnimeUITests;
			sourceTree = "<group>";
		};
		50BEC18225F42E4E00C16F60 /* Features */ = {
			isa = PBXGroup;
			children = (
				50AB86B525F7FFC300C77124 /* Characters */,
				50AB869B25F7FC7E00C77124 /* Episodes */,
				50BEC1A825F5303900C16F60 /* Search */,
				50BEC1A725F5301300C16F60 /* TopAnime */,
				50BEC18425F42E6400C16F60 /* Tabbar */,
			);
			path = Features;
			sourceTree = "<group>";
		};
		50BEC18325F42E4E00C16F60 /* Network */ = {
			isa = PBXGroup;
			children = (
				50BEC18D25F42F6100C16F60 /* HttpError.swift */,
				50BEC19525F42F7F00C16F60 /* RequestHelper.swift */,
				50BEC19D25F42FAE00C16F60 /* HttpCall.swift */,
				50BEC1A225F4335500C16F60 /* APIRouter.swift */,
			);
			path = Network;
			sourceTree = "<group>";
		};
		50BEC18425F42E6400C16F60 /* Tabbar */ = {
			isa = PBXGroup;
			children = (
				50BEC18525F42E7F00C16F60 /* TabbarView.swift */,
			);
			path = Tabbar;
			sourceTree = "<group>";
		};
		50BEC1A725F5301300C16F60 /* TopAnime */ = {
			isa = PBXGroup;
			children = (
				505AA2D425FACDB2005C75B6 /* Detail */,
				50BEC1A925F5306000C16F60 /* List */,
			);
			path = TopAnime;
			sourceTree = "<group>";
		};
		50BEC1A825F5303900C16F60 /* Search */ = {
			isa = PBXGroup;
			children = (
			);
			path = Search;
			sourceTree = "<group>";
		};
		50BEC1A925F5306000C16F60 /* List */ = {
			isa = PBXGroup;
			children = (
				50BEC1AB25F533BF00C16F60 /* AnimeListViewModel.swift */,
				50BEC1CA25F53F7600C16F60 /* AnimeListView.swift */,
				50BEC1CF25F54BB600C16F60 /* AnimeListRowView.swift */,
				50BEC1EF25F54EB800C16F60 /* AnimeRowDetail.swift */,
			);
			path = List;
			sourceTree = "<group>";
		};
		50BEC1B325F5346500C16F60 /* Models */ = {
			isa = PBXGroup;
			children = (
				50BEC1B425F534C500C16F60 /* Anime.swift */,
				50AB86B025F7FE7B00C77124 /* Episode.swift */,
				50AB86B825F800BF00C77124 /* Character.swift */,
				5023FFDC25FC02E1003376BE /* Pictures.swift */,
			);
			path = Models;
			sourceTree = "<group>";
		};
/* End PBXGroup section */

/* Begin PBXNativeTarget section */
		50BEC15025F42BA500C16F60 /* AnimeUI */ = {
			isa = PBXNativeTarget;
			buildConfigurationList = 50BEC17625F42BA700C16F60 /* Build configuration list for PBXNativeTarget "AnimeUI" */;
			buildPhases = (
				50BEC14D25F42BA500C16F60 /* Sources */,
				50BEC14E25F42BA500C16F60 /* Frameworks */,
				50BEC14F25F42BA500C16F60 /* Resources */,
			);
			buildRules = (
			);
			dependencies = (
			);
			name = AnimeUI;
			packageProductDependencies = (
				50BEC1F525F5546000C16F60 /* Kingfisher */,
			);
			productName = AnimeUI;
			productReference = 50BEC15125F42BA500C16F60 /* AnimeUI.app */;
			productType = "com.apple.product-type.application";
		};
		50BEC16125F42BA700C16F60 /* AnimeUITests */ = {
			isa = PBXNativeTarget;
			buildConfigurationList = 50BEC17925F42BA700C16F60 /* Build configuration list for PBXNativeTarget "AnimeUITests" */;
			buildPhases = (
				50BEC15E25F42BA700C16F60 /* Sources */,
				50BEC15F25F42BA700C16F60 /* Frameworks */,
				50BEC16025F42BA700C16F60 /* Resources */,
			);
			buildRules = (
			);
			dependencies = (
				50BEC16425F42BA700C16F60 /* PBXTargetDependency */,
			);
			name = AnimeUITests;
			productName = AnimeUITests;
			productReference = 50BEC16225F42BA700C16F60 /* AnimeUITests.xctest */;
			productType = "com.apple.product-type.bundle.unit-test";
		};
		50BEC16C25F42BA700C16F60 /* AnimeUIUITests */ = {
			isa = PBXNativeTarget;
			buildConfigurationList = 50BEC17C25F42BA700C16F60 /* Build configuration list for PBXNativeTarget "AnimeUIUITests" */;
			buildPhases = (
				50BEC16925F42BA700C16F60 /* Sources */,
				50BEC16A25F42BA700C16F60 /* Frameworks */,
				50BEC16B25F42BA700C16F60 /* Resources */,
			);
			buildRules = (
			);
			dependencies = (
				50BEC16F25F42BA700C16F60 /* PBXTargetDependency */,
			);
			name = AnimeUIUITests;
			productName = AnimeUIUITests;
			productReference = 50BEC16D25F42BA700C16F60 /* AnimeUIUITests.xctest */;
			productType = "com.apple.product-type.bundle.ui-testing";
		};
/* End PBXNativeTarget section */

/* Begin PBXProject section */
		50BEC14925F42BA500C16F60 /* Project object */ = {
			isa = PBXProject;
			attributes = {
				LastSwiftUpdateCheck = 1220;
				LastUpgradeCheck = 1220;
				TargetAttributes = {
					50BEC15025F42BA500C16F60 = {
						CreatedOnToolsVersion = 12.2;
					};
					50BEC16125F42BA700C16F60 = {
						CreatedOnToolsVersion = 12.2;
						TestTargetID = 50BEC15025F42BA500C16F60;
					};
					50BEC16C25F42BA700C16F60 = {
						CreatedOnToolsVersion = 12.2;
						TestTargetID = 50BEC15025F42BA500C16F60;
					};
				};
			};
			buildConfigurationList = 50BEC14C25F42BA500C16F60 /* Build configuration list for PBXProject "AnimeUI" */;
			compatibilityVersion = "Xcode 9.3";
			developmentRegion = en;
			hasScannedForEncodings = 0;
			knownRegions = (
				en,
				Base,
			);
			mainGroup = 50BEC14825F42BA500C16F60;
			packageReferences = (
				50BEC1F425F5546000C16F60 /* XCRemoteSwiftPackageReference "Kingfisher" */,
			);
			productRefGroup = 50BEC15225F42BA500C16F60 /* Products */;
			projectDirPath = "";
			projectRoot = "";
			targets = (
				50BEC15025F42BA500C16F60 /* AnimeUI */,
				50BEC16125F42BA700C16F60 /* AnimeUITests */,
				50BEC16C25F42BA700C16F60 /* AnimeUIUITests */,
			);
		};
/* End PBXProject section */

/* Begin PBXResourcesBuildPhase section */
		50BEC14F25F42BA500C16F60 /* Resources */ = {
			isa = PBXResourcesBuildPhase;
			buildActionMask = 2147483647;
			files = (
				50BEC15C25F42BA700C16F60 /* Preview Assets.xcassets in Resources */,
				50BEC15925F42BA700C16F60 /* Assets.xcassets in Resources */,
			);
			runOnlyForDeploymentPostprocessing = 0;
		};
		50BEC16025F42BA700C16F60 /* Resources */ = {
			isa = PBXResourcesBuildPhase;
			buildActionMask = 2147483647;
			files = (
			);
			runOnlyForDeploymentPostprocessing = 0;
		};
		50BEC16B25F42BA700C16F60 /* Resources */ = {
			isa = PBXResourcesBuildPhase;
			buildActionMask = 2147483647;
			files = (
			);
			runOnlyForDeploymentPostprocessing = 0;
		};
/* End PBXResourcesBuildPhase section */

/* Begin PBXSourcesBuildPhase section */
		50BEC14D25F42BA500C16F60 /* Sources */ = {
			isa = PBXSourcesBuildPhase;
			buildActionMask = 2147483647;
			files = (
				50BEC19625F42F7F00C16F60 /* RequestHelper.swift in Sources */,
				50BEC18E25F42F6100C16F60 /* HttpError.swift in Sources */,
				505AA2D925FACDD5005C75B6 /* AnimeDetailView.swift in Sources */,
				5023FFD325FC01CC003376BE /* CharacterDetailView.swift in Sources */,
				50BEC1F025F54EB800C16F60 /* AnimeRowDetail.swift in Sources */,
				50AB86D325F812B200C77124 /* EpisodesListRowView.swift in Sources */,
				50AB86A725F7FE2F00C77124 /* EpisodeDetailView.swift in Sources */,
				50BEC18625F42E7F00C16F60 /* TabbarView.swift in Sources */,
				50CA254225F95CEC00C86DFB /* CharacterRowDetail.swift in Sources */,
				50BEC1A325F4335500C16F60 /* APIRouter.swift in Sources */,
				50BEC1AC25F533BF00C16F60 /* AnimeListViewModel.swift in Sources */,
				5023FFDD25FC02E1003376BE /* Pictures.swift in Sources */,
				50BEC1D025F54BB600C16F60 /* AnimeListRowView.swift in Sources */,
				50AB86C325F807F500C77124 /* Pager.swift in Sources */,
				50CA253825F95CC300C86DFB /* CharactersListView.swift in Sources */,
				5023FFE525FC0DD6003376BE /* InfoRowView.swift in Sources */,
				50AB86B925F800BF00C77124 /* Character.swift in Sources */,
				50BEC15525F42BA500C16F60 /* AnimeUIApp.swift in Sources */,
				50AB86CE25F80E8400C77124 /* EpisodeRowDetail.swift in Sources */,
				50AB86AC25F7FE4700C77124 /* EpisodesListViewModel.swift in Sources */,
				50BEC1CB25F53F7600C16F60 /* AnimeListView.swift in Sources */,
				50AB869F25F7FE0B00C77124 /* EpisodesListView.swift in Sources */,
				50CA253D25F95CD300C86DFB /* CharactersListRowView.swift in Sources */,
				50AB86B125F7FE7B00C77124 /* Episode.swift in Sources */,
				50BEC19E25F42FAE00C16F60 /* HttpCall.swift in Sources */,
				5023FFD825FC02AF003376BE /* CharacterDetailViewModel.swift in Sources */,
				5023FFEA25FC10AF003376BE /* ContentView.swift in Sources */,
				50BEC1B525F534C500C16F60 /* Anime.swift in Sources */,
				50CA254725F95D0C00C86DFB /* CharactersListViewModel.swift in Sources */,
			);
			runOnlyForDeploymentPostprocessing = 0;
		};
		50BEC15E25F42BA700C16F60 /* Sources */ = {
			isa = PBXSourcesBuildPhase;
			buildActionMask = 2147483647;
			files = (
				50BEC16725F42BA700C16F60 /* AnimeUITests.swift in Sources */,
			);
			runOnlyForDeploymentPostprocessing = 0;
		};
		50BEC16925F42BA700C16F60 /* Sources */ = {
			isa = PBXSourcesBuildPhase;
			buildActionMask = 2147483647;
			files = (
			);
			runOnlyForDeploymentPostprocessing = 0;
		};
/* End PBXSourcesBuildPhase section */

/* Begin PBXTargetDependency section */
		50BEC16425F42BA700C16F60 /* PBXTargetDependency */ = {
			isa = PBXTargetDependency;
			target = 50BEC15025F42BA500C16F60 /* AnimeUI */;
			targetProxy = 50BEC16325F42BA700C16F60 /* PBXContainerItemProxy */;
		};
		50BEC16F25F42BA700C16F60 /* PBXTargetDependency */ = {
			isa = PBXTargetDependency;
			target = 50BEC15025F42BA500C16F60 /* AnimeUI */;
			targetProxy = 50BEC16E25F42BA700C16F60 /* PBXContainerItemProxy */;
		};
/* End PBXTargetDependency section */

/* Begin XCBuildConfiguration section */
		50BEC17425F42BA700C16F60 /* Debug */ = {
			isa = XCBuildConfiguration;
			buildSettings = {
				ALWAYS_SEARCH_USER_PATHS = NO;
				CLANG_ANALYZER_NONNULL = YES;
				CLANG_ANALYZER_NUMBER_OBJECT_CONVERSION = YES_AGGRESSIVE;
				CLANG_CXX_LANGUAGE_STANDARD = "gnu++14";
				CLANG_CXX_LIBRARY = "libc++";
				CLANG_ENABLE_MODULES = YES;
				CLANG_ENABLE_OBJC_ARC = YES;
				CLANG_ENABLE_OBJC_WEAK = YES;
				CLANG_WARN_BLOCK_CAPTURE_AUTORELEASING = YES;
				CLANG_WARN_BOOL_CONVERSION = YES;
				CLANG_WARN_COMMA = YES;
				CLANG_WARN_CONSTANT_CONVERSION = YES;
				CLANG_WARN_DEPRECATED_OBJC_IMPLEMENTATIONS = YES;
				CLANG_WARN_DIRECT_OBJC_ISA_USAGE = YES_ERROR;
				CLANG_WARN_DOCUMENTATION_COMMENTS = YES;
				CLANG_WARN_EMPTY_BODY = YES;
				CLANG_WARN_ENUM_CONVERSION = YES;
				CLANG_WARN_INFINITE_RECURSION = YES;
				CLANG_WARN_INT_CONVERSION = YES;
				CLANG_WARN_NON_LITERAL_NULL_CONVERSION = YES;
				CLANG_WARN_OBJC_IMPLICIT_RETAIN_SELF = YES;
				CLANG_WARN_OBJC_LITERAL_CONVERSION = YES;
				CLANG_WARN_OBJC_ROOT_CLASS = YES_ERROR;
				CLANG_WARN_QUOTED_INCLUDE_IN_FRAMEWORK_HEADER = YES;
				CLANG_WARN_RANGE_LOOP_ANALYSIS = YES;
				CLANG_WARN_STRICT_PROTOTYPES = YES;
				CLANG_WARN_SUSPICIOUS_MOVE = YES;
				CLANG_WARN_UNGUARDED_AVAILABILITY = YES_AGGRESSIVE;
				CLANG_WARN_UNREACHABLE_CODE = YES;
				CLANG_WARN__DUPLICATE_METHOD_MATCH = YES;
				COPY_PHASE_STRIP = NO;
				DEBUG_INFORMATION_FORMAT = dwarf;
				ENABLE_STRICT_OBJC_MSGSEND = YES;
				ENABLE_TESTABILITY = YES;
				GCC_C_LANGUAGE_STANDARD = gnu11;
				GCC_DYNAMIC_NO_PIC = NO;
				GCC_NO_COMMON_BLOCKS = YES;
				GCC_OPTIMIZATION_LEVEL = 0;
				GCC_PREPROCESSOR_DEFINITIONS = (
					"DEBUG=1",
					"$(inherited)",
				);
				GCC_WARN_64_TO_32_BIT_CONVERSION = YES;
				GCC_WARN_ABOUT_RETURN_TYPE = YES_ERROR;
				GCC_WARN_UNDECLARED_SELECTOR = YES;
				GCC_WARN_UNINITIALIZED_AUTOS = YES_AGGRESSIVE;
				GCC_WARN_UNUSED_FUNCTION = YES;
				GCC_WARN_UNUSED_VARIABLE = YES;
				IPHONEOS_DEPLOYMENT_TARGET = 14.2;
				MTL_ENABLE_DEBUG_INFO = INCLUDE_SOURCE;
				MTL_FAST_MATH = YES;
				ONLY_ACTIVE_ARCH = YES;
				SDKROOT = iphoneos;
				SWIFT_ACTIVE_COMPILATION_CONDITIONS = DEBUG;
				SWIFT_OPTIMIZATION_LEVEL = "-Onone";
			};
			name = Debug;
		};
		50BEC17525F42BA700C16F60 /* Release */ = {
			isa = XCBuildConfiguration;
			buildSettings = {
				ALWAYS_SEARCH_USER_PATHS = NO;
				CLANG_ANALYZER_NONNULL = YES;
				CLANG_ANALYZER_NUMBER_OBJECT_CONVERSION = YES_AGGRESSIVE;
				CLANG_CXX_LANGUAGE_STANDARD = "gnu++14";
				CLANG_CXX_LIBRARY = "libc++";
				CLANG_ENABLE_MODULES = YES;
				CLANG_ENABLE_OBJC_ARC = YES;
				CLANG_ENABLE_OBJC_WEAK = YES;
				CLANG_WARN_BLOCK_CAPTURE_AUTORELEASING = YES;
				CLANG_WARN_BOOL_CONVERSION = YES;
				CLANG_WARN_COMMA = YES;
				CLANG_WARN_CONSTANT_CONVERSION = YES;
				CLANG_WARN_DEPRECATED_OBJC_IMPLEMENTATIONS = YES;
				CLANG_WARN_DIRECT_OBJC_ISA_USAGE = YES_ERROR;
				CLANG_WARN_DOCUMENTATION_COMMENTS = YES;
				CLANG_WARN_EMPTY_BODY = YES;
				CLANG_WARN_ENUM_CONVERSION = YES;
				CLANG_WARN_INFINITE_RECURSION = YES;
				CLANG_WARN_INT_CONVERSION = YES;
				CLANG_WARN_NON_LITERAL_NULL_CONVERSION = YES;
				CLANG_WARN_OBJC_IMPLICIT_RETAIN_SELF = YES;
				CLANG_WARN_OBJC_LITERAL_CONVERSION = YES;
				CLANG_WARN_OBJC_ROOT_CLASS = YES_ERROR;
				CLANG_WARN_QUOTED_INCLUDE_IN_FRAMEWORK_HEADER = YES;
				CLANG_WARN_RANGE_LOOP_ANALYSIS = YES;
				CLANG_WARN_STRICT_PROTOTYPES = YES;
				CLANG_WARN_SUSPICIOUS_MOVE = YES;
				CLANG_WARN_UNGUARDED_AVAILABILITY = YES_AGGRESSIVE;
				CLANG_WARN_UNREACHABLE_CODE = YES;
				CLANG_WARN__DUPLICATE_METHOD_MATCH = YES;
				COPY_PHASE_STRIP = NO;
				DEBUG_INFORMATION_FORMAT = "dwarf-with-dsym";
				ENABLE_NS_ASSERTIONS = NO;
				ENABLE_STRICT_OBJC_MSGSEND = YES;
				GCC_C_LANGUAGE_STANDARD = gnu11;
				GCC_NO_COMMON_BLOCKS = YES;
				GCC_WARN_64_TO_32_BIT_CONVERSION = YES;
				GCC_WARN_ABOUT_RETURN_TYPE = YES_ERROR;
				GCC_WARN_UNDECLARED_SELECTOR = YES;
				GCC_WARN_UNINITIALIZED_AUTOS = YES_AGGRESSIVE;
				GCC_WARN_UNUSED_FUNCTION = YES;
				GCC_WARN_UNUSED_VARIABLE = YES;
				IPHONEOS_DEPLOYMENT_TARGET = 14.2;
				MTL_ENABLE_DEBUG_INFO = NO;
				MTL_FAST_MATH = YES;
				SDKROOT = iphoneos;
				SWIFT_COMPILATION_MODE = wholemodule;
				SWIFT_OPTIMIZATION_LEVEL = "-O";
				VALIDATE_PRODUCT = YES;
			};
			name = Release;
		};
		50BEC17725F42BA700C16F60 /* Debug */ = {
			isa = XCBuildConfiguration;
			buildSettings = {
				ASSETCATALOG_COMPILER_APPICON_NAME = AppIcon;
				ASSETCATALOG_COMPILER_GLOBAL_ACCENT_COLOR_NAME = AccentColor;
				CODE_SIGN_STYLE = Automatic;
				DEVELOPMENT_ASSET_PATHS = "\"AnimeUI/Preview Content\"";
				DEVELOPMENT_TEAM = 54SDSGN3MM;
				ENABLE_PREVIEWS = YES;
				INFOPLIST_FILE = AnimeUI/Info.plist;
				IPHONEOS_DEPLOYMENT_TARGET = 14.0;
				LD_RUNPATH_SEARCH_PATHS = (
					"$(inherited)",
					"@executable_path/Frameworks",
				);
				PRODUCT_BUNDLE_IDENTIFIER = com.laminendy.company.AnimeUI;
				PRODUCT_NAME = "$(TARGET_NAME)";
				SWIFT_VERSION = 5.0;
				TARGETED_DEVICE_FAMILY = "1,2";
			};
			name = Debug;
		};
		50BEC17825F42BA700C16F60 /* Release */ = {
			isa = XCBuildConfiguration;
			buildSettings = {
				ASSETCATALOG_COMPILER_APPICON_NAME = AppIcon;
				ASSETCATALOG_COMPILER_GLOBAL_ACCENT_COLOR_NAME = AccentColor;
				CODE_SIGN_STYLE = Automatic;
				DEVELOPMENT_ASSET_PATHS = "\"AnimeUI/Preview Content\"";
				DEVELOPMENT_TEAM = 54SDSGN3MM;
				ENABLE_PREVIEWS = YES;
				INFOPLIST_FILE = AnimeUI/Info.plist;
				IPHONEOS_DEPLOYMENT_TARGET = 14.0;
				LD_RUNPATH_SEARCH_PATHS = (
					"$(inherited)",
					"@executable_path/Frameworks",
				);
				PRODUCT_BUNDLE_IDENTIFIER = com.laminendy.company.AnimeUI;
				PRODUCT_NAME = "$(TARGET_NAME)";
				SWIFT_VERSION = 5.0;
				TARGETED_DEVICE_FAMILY = "1,2";
			};
			name = Release;
		};
		50BEC17A25F42BA700C16F60 /* Debug */ = {
			isa = XCBuildConfiguration;
			buildSettings = {
				ALWAYS_EMBED_SWIFT_STANDARD_LIBRARIES = YES;
				BUNDLE_LOADER = "$(TEST_HOST)";
				CODE_SIGN_STYLE = Automatic;
				DEVELOPMENT_TEAM = 54SDSGN3MM;
				INFOPLIST_FILE = AnimeUITests/Info.plist;
				IPHONEOS_DEPLOYMENT_TARGET = 14.0;
				LD_RUNPATH_SEARCH_PATHS = (
					"$(inherited)",
					"@executable_path/Frameworks",
					"@loader_path/Frameworks",
				);
				PRODUCT_BUNDLE_IDENTIFIER = com.laminendy.company.AnimeUITests;
				PRODUCT_NAME = "$(TARGET_NAME)";
				SWIFT_VERSION = 5.0;
				TARGETED_DEVICE_FAMILY = "1,2";
				TEST_HOST = "$(BUILT_PRODUCTS_DIR)/AnimeUI.app/AnimeUI";
			};
			name = Debug;
		};
		50BEC17B25F42BA700C16F60 /* Release */ = {
			isa = XCBuildConfiguration;
			buildSettings = {
				ALWAYS_EMBED_SWIFT_STANDARD_LIBRARIES = YES;
				BUNDLE_LOADER = "$(TEST_HOST)";
				CODE_SIGN_STYLE = Automatic;
				DEVELOPMENT_TEAM = 54SDSGN3MM;
				INFOPLIST_FILE = AnimeUITests/Info.plist;
				IPHONEOS_DEPLOYMENT_TARGET = 14.0;
				LD_RUNPATH_SEARCH_PATHS = (
					"$(inherited)",
					"@executable_path/Frameworks",
					"@loader_path/Frameworks",
				);
				PRODUCT_BUNDLE_IDENTIFIER = com.laminendy.company.AnimeUITests;
				PRODUCT_NAME = "$(TARGET_NAME)";
				SWIFT_VERSION = 5.0;
				TARGETED_DEVICE_FAMILY = "1,2";
				TEST_HOST = "$(BUILT_PRODUCTS_DIR)/AnimeUI.app/AnimeUI";
			};
			name = Release;
		};
		50BEC17D25F42BA700C16F60 /* Debug */ = {
			isa = XCBuildConfiguration;
			buildSettings = {
				ALWAYS_EMBED_SWIFT_STANDARD_LIBRARIES = YES;
				CODE_SIGN_STYLE = Automatic;
				DEVELOPMENT_TEAM = 54SDSGN3MM;
				INFOPLIST_FILE = AnimeUIUITests/Info.plist;
				LD_RUNPATH_SEARCH_PATHS = (
					"$(inherited)",
					"@executable_path/Frameworks",
					"@loader_path/Frameworks",
				);
				PRODUCT_BUNDLE_IDENTIFIER = com.laminendy.company.AnimeUIUITests;
				PRODUCT_NAME = "$(TARGET_NAME)";
				SWIFT_VERSION = 5.0;
				TARGETED_DEVICE_FAMILY = "1,2";
				TEST_TARGET_NAME = AnimeUI;
			};
			name = Debug;
		};
		50BEC17E25F42BA700C16F60 /* Release */ = {
			isa = XCBuildConfiguration;
			buildSettings = {
				ALWAYS_EMBED_SWIFT_STANDARD_LIBRARIES = YES;
				CODE_SIGN_STYLE = Automatic;
				DEVELOPMENT_TEAM = 54SDSGN3MM;
				INFOPLIST_FILE = AnimeUIUITests/Info.plist;
				LD_RUNPATH_SEARCH_PATHS = (
					"$(inherited)",
					"@executable_path/Frameworks",
					"@loader_path/Frameworks",
				);
				PRODUCT_BUNDLE_IDENTIFIER = com.laminendy.company.AnimeUIUITests;
				PRODUCT_NAME = "$(TARGET_NAME)";
				SWIFT_VERSION = 5.0;
				TARGETED_DEVICE_FAMILY = "1,2";
				TEST_TARGET_NAME = AnimeUI;
			};
			name = Release;
		};
/* End XCBuildConfiguration section */

/* Begin XCConfigurationList section */
		50BEC14C25F42BA500C16F60 /* Build configuration list for PBXProject "AnimeUI" */ = {
			isa = XCConfigurationList;
			buildConfigurations = (
				50BEC17425F42BA700C16F60 /* Debug */,
				50BEC17525F42BA700C16F60 /* Release */,
			);
			defaultConfigurationIsVisible = 0;
			defaultConfigurationName = Release;
		};
		50BEC17625F42BA700C16F60 /* Build configuration list for PBXNativeTarget "AnimeUI" */ = {
			isa = XCConfigurationList;
			buildConfigurations = (
				50BEC17725F42BA700C16F60 /* Debug */,
				50BEC17825F42BA700C16F60 /* Release */,
			);
			defaultConfigurationIsVisible = 0;
			defaultConfigurationName = Release;
		};
		50BEC17925F42BA700C16F60 /* Build configuration list for PBXNativeTarget "AnimeUITests" */ = {
			isa = XCConfigurationList;
			buildConfigurations = (
				50BEC17A25F42BA700C16F60 /* Debug */,
				50BEC17B25F42BA700C16F60 /* Release */,
			);
			defaultConfigurationIsVisible = 0;
			defaultConfigurationName = Release;
		};
		50BEC17C25F42BA700C16F60 /* Build configuration list for PBXNativeTarget "AnimeUIUITests" */ = {
			isa = XCConfigurationList;
			buildConfigurations = (
				50BEC17D25F42BA700C16F60 /* Debug */,
				50BEC17E25F42BA700C16F60 /* Release */,
			);
			defaultConfigurationIsVisible = 0;
			defaultConfigurationName = Release;
		};
/* End XCConfigurationList section */

/* Begin XCRemoteSwiftPackageReference section */
		50BEC1F425F5546000C16F60 /* XCRemoteSwiftPackageReference "Kingfisher" */ = {
			isa = XCRemoteSwiftPackageReference;
			repositoryURL = "https://github.com/onevcat/Kingfisher";
			requirement = {
				kind = upToNextMajorVersion;
				minimumVersion = 6.1.1;
			};
		};
/* End XCRemoteSwiftPackageReference section */

/* Begin XCSwiftPackageProductDependency section */
		50BEC1F525F5546000C16F60 /* Kingfisher */ = {
			isa = XCSwiftPackageProductDependency;
			package = 50BEC1F425F5546000C16F60 /* XCRemoteSwiftPackageReference "Kingfisher" */;
			productName = Kingfisher;
		};
/* End XCSwiftPackageProductDependency section */
	};
	rootObject = 50BEC14925F42BA500C16F60 /* Project object */;
}
